// !$*UTF8*$!
{
	archiveVersion = 1;
	classes = {
	};
	objectVersion = 51;
	objects = {

/* Begin PBXBuildFile section */
		0A598E95E8E907AAEBB53F3D /* Pods_dreamDiaryTests.framework in Frameworks */ = {isa = PBXBuildFile; fileRef = BE4E05170F966CBF7029E9EB /* Pods_dreamDiaryTests.framework */; };
		3C07176925372E5F00BA1AA2 /* SleepViewController.swift in Sources */ = {isa = PBXBuildFile; fileRef = 3C07176825372E5F00BA1AA2 /* SleepViewController.swift */; };
		3C07177525372ED200BA1AA2 /* CurrentTime.swift in Sources */ = {isa = PBXBuildFile; fileRef = 3C07177425372ED200BA1AA2 /* CurrentTime.swift */; };
		3C07177A25372F2600BA1AA2 /* Alarm.swift in Sources */ = {isa = PBXBuildFile; fileRef = 3C07177925372F2600BA1AA2 /* Alarm.swift */; };
		3C0E68B4252CB11A00A71E63 /* DreamModel.swift in Sources */ = {isa = PBXBuildFile; fileRef = 3C0E68B3252CB11A00A71E63 /* DreamModel.swift */; };
		3C660E42252A21A100C4E9CD /* CalendarViewController.swift in Sources */ = {isa = PBXBuildFile; fileRef = 3C660E41252A21A100C4E9CD /* CalendarViewController.swift */; };
		3C660E4A252A24A200C4E9CD /* InputDiaryViewController.swift in Sources */ = {isa = PBXBuildFile; fileRef = 3C660E49252A24A200C4E9CD /* InputDiaryViewController.swift */; };
		3C660E52252A251600C4E9CD /* AlarmViewController.swift in Sources */ = {isa = PBXBuildFile; fileRef = 3C660E51252A251600C4E9CD /* AlarmViewController.swift */; };
		3C660E5D252A3D5100C4E9CD /* DetailDiaryViewController.swift in Sources */ = {isa = PBXBuildFile; fileRef = 3C660E5C252A3D5100C4E9CD /* DetailDiaryViewController.swift */; };
		3C7A965E2529C6E5008F0FD2 /* JetBrainsMono-Medium.ttf in Resources */ = {isa = PBXBuildFile; fileRef = 3C7A96402529C6E3008F0FD2 /* JetBrainsMono-Medium.ttf */; };
		3C7A965F2529C6E5008F0FD2 /* JetBrainsMono-Italic.ttf in Resources */ = {isa = PBXBuildFile; fileRef = 3C7A96412529C6E3008F0FD2 /* JetBrainsMono-Italic.ttf */; };
		3C7A96602529C6E5008F0FD2 /* JetBrainsMono-SemiLight.ttf in Resources */ = {isa = PBXBuildFile; fileRef = 3C7A96422529C6E4008F0FD2 /* JetBrainsMono-SemiLight.ttf */; };
		3C7A96612529C6E5008F0FD2 /* JetBrainsMonoNL-SemiLight.ttf in Resources */ = {isa = PBXBuildFile; fileRef = 3C7A96432529C6E4008F0FD2 /* JetBrainsMonoNL-SemiLight.ttf */; };
		3C7A96622529C6E5008F0FD2 /* JetBrainsMonoNL-Bold.ttf in Resources */ = {isa = PBXBuildFile; fileRef = 3C7A96442529C6E4008F0FD2 /* JetBrainsMonoNL-Bold.ttf */; };
		3C7A96632529C6E5008F0FD2 /* JetBrainsMono-ExtraLight-Italic.ttf in Resources */ = {isa = PBXBuildFile; fileRef = 3C7A96452529C6E4008F0FD2 /* JetBrainsMono-ExtraLight-Italic.ttf */; };
		3C7A96642529C6E5008F0FD2 /* JetBrainsMonoNL-ExtraLight-Italic.ttf in Resources */ = {isa = PBXBuildFile; fileRef = 3C7A96462529C6E4008F0FD2 /* JetBrainsMonoNL-ExtraLight-Italic.ttf */; };
		3C7A96652529C6E5008F0FD2 /* JetBrainsMono-Medium-Italic.ttf in Resources */ = {isa = PBXBuildFile; fileRef = 3C7A96472529C6E4008F0FD2 /* JetBrainsMono-Medium-Italic.ttf */; };
		3C7A96662529C6E5008F0FD2 /* JetBrainsMonoNL-Italic.ttf in Resources */ = {isa = PBXBuildFile; fileRef = 3C7A96482529C6E4008F0FD2 /* JetBrainsMonoNL-Italic.ttf */; };
		3C7A96672529C6E5008F0FD2 /* JetBrainsMono-Light-Italic.ttf in Resources */ = {isa = PBXBuildFile; fileRef = 3C7A96492529C6E4008F0FD2 /* JetBrainsMono-Light-Italic.ttf */; };
		3C7A96682529C6E5008F0FD2 /* JetBrainsMono-Light.ttf in Resources */ = {isa = PBXBuildFile; fileRef = 3C7A964A2529C6E4008F0FD2 /* JetBrainsMono-Light.ttf */; };
		3C7A96692529C6E5008F0FD2 /* JetBrainsMonoNL-Light.ttf in Resources */ = {isa = PBXBuildFile; fileRef = 3C7A964B2529C6E4008F0FD2 /* JetBrainsMonoNL-Light.ttf */; };
		3C7A966A2529C6E5008F0FD2 /* JetBrainsMonoNL-ExtraBold.ttf in Resources */ = {isa = PBXBuildFile; fileRef = 3C7A964C2529C6E4008F0FD2 /* JetBrainsMonoNL-ExtraBold.ttf */; };
		3C7A966B2529C6E5008F0FD2 /* JetBrainsMono-Bold.ttf in Resources */ = {isa = PBXBuildFile; fileRef = 3C7A964D2529C6E4008F0FD2 /* JetBrainsMono-Bold.ttf */; };
		3C7A966C2529C6E5008F0FD2 /* JetBrainsMonoNL-Medium.ttf in Resources */ = {isa = PBXBuildFile; fileRef = 3C7A964E2529C6E4008F0FD2 /* JetBrainsMonoNL-Medium.ttf */; };
		3C7A966D2529C6E5008F0FD2 /* JetBrainsMonoNL-Bold-Italic.ttf in Resources */ = {isa = PBXBuildFile; fileRef = 3C7A964F2529C6E4008F0FD2 /* JetBrainsMonoNL-Bold-Italic.ttf */; };
		3C7A966E2529C6E5008F0FD2 /* JetBrainsMono-ExtraLight.ttf in Resources */ = {isa = PBXBuildFile; fileRef = 3C7A96502529C6E4008F0FD2 /* JetBrainsMono-ExtraLight.ttf */; };
		3C7A966F2529C6E5008F0FD2 /* JetBrainsMonoNL-ExtraBold-Italic.ttf in Resources */ = {isa = PBXBuildFile; fileRef = 3C7A96512529C6E4008F0FD2 /* JetBrainsMonoNL-ExtraBold-Italic.ttf */; };
		3C7A96702529C6E5008F0FD2 /* JetBrainsMono-ExtraBold-Italic.ttf in Resources */ = {isa = PBXBuildFile; fileRef = 3C7A96522529C6E4008F0FD2 /* JetBrainsMono-ExtraBold-Italic.ttf */; };
		3C7A96712529C6E5008F0FD2 /* JetBrainsMono-SemiLight-Italic.ttf in Resources */ = {isa = PBXBuildFile; fileRef = 3C7A96532529C6E4008F0FD2 /* JetBrainsMono-SemiLight-Italic.ttf */; };
		3C7A96722529C6E5008F0FD2 /* JetBrainsMono-Variable-Italic.ttf in Resources */ = {isa = PBXBuildFile; fileRef = 3C7A96542529C6E4008F0FD2 /* JetBrainsMono-Variable-Italic.ttf */; };
		3C7A96732529C6E5008F0FD2 /* JetBrainsMono-Bold-Italic.ttf in Resources */ = {isa = PBXBuildFile; fileRef = 3C7A96552529C6E4008F0FD2 /* JetBrainsMono-Bold-Italic.ttf */; };
		3C7A96742529C6E5008F0FD2 /* JetBrainsMonoNL-ExtraLight.ttf in Resources */ = {isa = PBXBuildFile; fileRef = 3C7A96562529C6E4008F0FD2 /* JetBrainsMonoNL-ExtraLight.ttf */; };
		3C7A96752529C6E5008F0FD2 /* JetBrainsMonoNL-Regular.ttf in Resources */ = {isa = PBXBuildFile; fileRef = 3C7A96572529C6E4008F0FD2 /* JetBrainsMonoNL-Regular.ttf */; };
		3C7A96762529C6E5008F0FD2 /* JetBrainsMono-Variable.ttf in Resources */ = {isa = PBXBuildFile; fileRef = 3C7A96582529C6E5008F0FD2 /* JetBrainsMono-Variable.ttf */; };
		3C7A96772529C6E5008F0FD2 /* JetBrainsMono-ExtraBold.ttf in Resources */ = {isa = PBXBuildFile; fileRef = 3C7A96592529C6E5008F0FD2 /* JetBrainsMono-ExtraBold.ttf */; };
		3C7A96782529C6E5008F0FD2 /* JetBrainsMono-Regular.ttf in Resources */ = {isa = PBXBuildFile; fileRef = 3C7A965A2529C6E5008F0FD2 /* JetBrainsMono-Regular.ttf */; };
		3C7A96792529C6E5008F0FD2 /* JetBrainsMonoNL-Medium-Italic.ttf in Resources */ = {isa = PBXBuildFile; fileRef = 3C7A965B2529C6E5008F0FD2 /* JetBrainsMonoNL-Medium-Italic.ttf */; };
		3C7A967A2529C6E5008F0FD2 /* JetBrainsMonoNL-SemiLight-Italic.ttf in Resources */ = {isa = PBXBuildFile; fileRef = 3C7A965C2529C6E5008F0FD2 /* JetBrainsMonoNL-SemiLight-Italic.ttf */; };
		3C7A967B2529C6E5008F0FD2 /* JetBrainsMonoNL-Light-Italic.ttf in Resources */ = {isa = PBXBuildFile; fileRef = 3C7A965D2529C6E5008F0FD2 /* JetBrainsMonoNL-Light-Italic.ttf */; };
		3CCCB05C25283F1A00EA0CE5 /* AppDelegate.swift in Sources */ = {isa = PBXBuildFile; fileRef = 3CCCB05B25283F1A00EA0CE5 /* AppDelegate.swift */; };
		3CCCB05E25283F1A00EA0CE5 /* SceneDelegate.swift in Sources */ = {isa = PBXBuildFile; fileRef = 3CCCB05D25283F1A00EA0CE5 /* SceneDelegate.swift */; };
		3CCCB06025283F1A00EA0CE5 /* ViewController.swift in Sources */ = {isa = PBXBuildFile; fileRef = 3CCCB05F25283F1A00EA0CE5 /* ViewController.swift */; };
		3CCCB06325283F1A00EA0CE5 /* Main.storyboard in Resources */ = {isa = PBXBuildFile; fileRef = 3CCCB06125283F1A00EA0CE5 /* Main.storyboard */; };
		3CCCB06525283F1C00EA0CE5 /* Assets.xcassets in Resources */ = {isa = PBXBuildFile; fileRef = 3CCCB06425283F1C00EA0CE5 /* Assets.xcassets */; };
		3CCCB06825283F1C00EA0CE5 /* LaunchScreen.storyboard in Resources */ = {isa = PBXBuildFile; fileRef = 3CCCB06625283F1C00EA0CE5 /* LaunchScreen.storyboard */; };
		3CCCB07325283F1C00EA0CE5 /* dreamDiaryTests.swift in Sources */ = {isa = PBXBuildFile; fileRef = 3CCCB07225283F1C00EA0CE5 /* dreamDiaryTests.swift */; };
		3CCCB07E25283F1C00EA0CE5 /* dreamDiaryUITests.swift in Sources */ = {isa = PBXBuildFile; fileRef = 3CCCB07D25283F1C00EA0CE5 /* dreamDiaryUITests.swift */; };
		3CE348E3252F0B6800881C4E /* MoreViewController.swift in Sources */ = {isa = PBXBuildFile; fileRef = 3CE348E2252F0B6800881C4E /* MoreViewController.swift */; };
		3CF929492528BB6B00B99A0F /* LogViewController.swift in Sources */ = {isa = PBXBuildFile; fileRef = 3CF929482528BB6B00B99A0F /* LogViewController.swift */; };
		47ACC2B852C43CF82DA3CCA0 /* Pods_dreamDiary.framework in Frameworks */ = {isa = PBXBuildFile; fileRef = 9967A2E00E4A6FF5D4115CC5 /* Pods_dreamDiary.framework */; };
		7936757BDDDD9E886AA60AC9 /* Pods_dreamDiary_dreamDiaryUITests.framework in Frameworks */ = {isa = PBXBuildFile; fileRef = DF446D801D3D54DE2E781309 /* Pods_dreamDiary_dreamDiaryUITests.framework */; };
/* End PBXBuildFile section */

/* Begin PBXContainerItemProxy section */
		3CCCB06F25283F1C00EA0CE5 /* PBXContainerItemProxy */ = {
			isa = PBXContainerItemProxy;
			containerPortal = 3CCCB05025283F1A00EA0CE5 /* Project object */;
			proxyType = 1;
			remoteGlobalIDString = 3CCCB05725283F1A00EA0CE5;
			remoteInfo = dreamDiary;
		};
		3CCCB07A25283F1C00EA0CE5 /* PBXContainerItemProxy */ = {
			isa = PBXContainerItemProxy;
			containerPortal = 3CCCB05025283F1A00EA0CE5 /* Project object */;
			proxyType = 1;
			remoteGlobalIDString = 3CCCB05725283F1A00EA0CE5;
			remoteInfo = dreamDiary;
		};
/* End PBXContainerItemProxy section */

/* Begin PBXFileReference section */
		27E77FE8988B55DA5561AEAD /* Pods-dreamDiaryTests.release.xcconfig */ = {isa = PBXFileReference; includeInIndex = 1; lastKnownFileType = text.xcconfig; name = "Pods-dreamDiaryTests.release.xcconfig"; path = "Target Support Files/Pods-dreamDiaryTests/Pods-dreamDiaryTests.release.xcconfig"; sourceTree = "<group>"; };
		3C07176825372E5F00BA1AA2 /* SleepViewController.swift */ = {isa = PBXFileReference; lastKnownFileType = sourcecode.swift; path = SleepViewController.swift; sourceTree = "<group>"; };
		3C07177425372ED200BA1AA2 /* CurrentTime.swift */ = {isa = PBXFileReference; lastKnownFileType = sourcecode.swift; path = CurrentTime.swift; sourceTree = "<group>"; };
		3C07177925372F2600BA1AA2 /* Alarm.swift */ = {isa = PBXFileReference; lastKnownFileType = sourcecode.swift; path = Alarm.swift; sourceTree = "<group>"; };
		3C0E68B3252CB11A00A71E63 /* DreamModel.swift */ = {isa = PBXFileReference; lastKnownFileType = sourcecode.swift; path = DreamModel.swift; sourceTree = "<group>"; };
		3C660E41252A21A100C4E9CD /* CalendarViewController.swift */ = {isa = PBXFileReference; lastKnownFileType = sourcecode.swift; path = CalendarViewController.swift; sourceTree = "<group>"; };
		3C660E49252A24A200C4E9CD /* InputDiaryViewController.swift */ = {isa = PBXFileReference; lastKnownFileType = sourcecode.swift; path = InputDiaryViewController.swift; sourceTree = "<group>"; };
		3C660E51252A251600C4E9CD /* AlarmViewController.swift */ = {isa = PBXFileReference; lastKnownFileType = sourcecode.swift; path = AlarmViewController.swift; sourceTree = "<group>"; };
		3C660E5C252A3D5100C4E9CD /* DetailDiaryViewController.swift */ = {isa = PBXFileReference; lastKnownFileType = sourcecode.swift; path = DetailDiaryViewController.swift; sourceTree = "<group>"; };
		3C7A96402529C6E3008F0FD2 /* JetBrainsMono-Medium.ttf */ = {isa = PBXFileReference; lastKnownFileType = file; path = "JetBrainsMono-Medium.ttf"; sourceTree = "<group>"; };
		3C7A96412529C6E3008F0FD2 /* JetBrainsMono-Italic.ttf */ = {isa = PBXFileReference; lastKnownFileType = file; path = "JetBrainsMono-Italic.ttf"; sourceTree = "<group>"; };
		3C7A96422529C6E4008F0FD2 /* JetBrainsMono-SemiLight.ttf */ = {isa = PBXFileReference; lastKnownFileType = file; path = "JetBrainsMono-SemiLight.ttf"; sourceTree = "<group>"; };
		3C7A96432529C6E4008F0FD2 /* JetBrainsMonoNL-SemiLight.ttf */ = {isa = PBXFileReference; lastKnownFileType = file; path = "JetBrainsMonoNL-SemiLight.ttf"; sourceTree = "<group>"; };
		3C7A96442529C6E4008F0FD2 /* JetBrainsMonoNL-Bold.ttf */ = {isa = PBXFileReference; lastKnownFileType = file; path = "JetBrainsMonoNL-Bold.ttf"; sourceTree = "<group>"; };
		3C7A96452529C6E4008F0FD2 /* JetBrainsMono-ExtraLight-Italic.ttf */ = {isa = PBXFileReference; lastKnownFileType = file; path = "JetBrainsMono-ExtraLight-Italic.ttf"; sourceTree = "<group>"; };
		3C7A96462529C6E4008F0FD2 /* JetBrainsMonoNL-ExtraLight-Italic.ttf */ = {isa = PBXFileReference; lastKnownFileType = file; path = "JetBrainsMonoNL-ExtraLight-Italic.ttf"; sourceTree = "<group>"; };
		3C7A96472529C6E4008F0FD2 /* JetBrainsMono-Medium-Italic.ttf */ = {isa = PBXFileReference; lastKnownFileType = file; path = "JetBrainsMono-Medium-Italic.ttf"; sourceTree = "<group>"; };
		3C7A96482529C6E4008F0FD2 /* JetBrainsMonoNL-Italic.ttf */ = {isa = PBXFileReference; lastKnownFileType = file; path = "JetBrainsMonoNL-Italic.ttf"; sourceTree = "<group>"; };
		3C7A96492529C6E4008F0FD2 /* JetBrainsMono-Light-Italic.ttf */ = {isa = PBXFileReference; lastKnownFileType = file; path = "JetBrainsMono-Light-Italic.ttf"; sourceTree = "<group>"; };
		3C7A964A2529C6E4008F0FD2 /* JetBrainsMono-Light.ttf */ = {isa = PBXFileReference; lastKnownFileType = file; path = "JetBrainsMono-Light.ttf"; sourceTree = "<group>"; };
		3C7A964B2529C6E4008F0FD2 /* JetBrainsMonoNL-Light.ttf */ = {isa = PBXFileReference; lastKnownFileType = file; path = "JetBrainsMonoNL-Light.ttf"; sourceTree = "<group>"; };
		3C7A964C2529C6E4008F0FD2 /* JetBrainsMonoNL-ExtraBold.ttf */ = {isa = PBXFileReference; lastKnownFileType = file; path = "JetBrainsMonoNL-ExtraBold.ttf"; sourceTree = "<group>"; };
		3C7A964D2529C6E4008F0FD2 /* JetBrainsMono-Bold.ttf */ = {isa = PBXFileReference; lastKnownFileType = file; path = "JetBrainsMono-Bold.ttf"; sourceTree = "<group>"; };
		3C7A964E2529C6E4008F0FD2 /* JetBrainsMonoNL-Medium.ttf */ = {isa = PBXFileReference; lastKnownFileType = file; path = "JetBrainsMonoNL-Medium.ttf"; sourceTree = "<group>"; };
		3C7A964F2529C6E4008F0FD2 /* JetBrainsMonoNL-Bold-Italic.ttf */ = {isa = PBXFileReference; lastKnownFileType = file; path = "JetBrainsMonoNL-Bold-Italic.ttf"; sourceTree = "<group>"; };
		3C7A96502529C6E4008F0FD2 /* JetBrainsMono-ExtraLight.ttf */ = {isa = PBXFileReference; lastKnownFileType = file; path = "JetBrainsMono-ExtraLight.ttf"; sourceTree = "<group>"; };
		3C7A96512529C6E4008F0FD2 /* JetBrainsMonoNL-ExtraBold-Italic.ttf */ = {isa = PBXFileReference; lastKnownFileType = file; path = "JetBrainsMonoNL-ExtraBold-Italic.ttf"; sourceTree = "<group>"; };
		3C7A96522529C6E4008F0FD2 /* JetBrainsMono-ExtraBold-Italic.ttf */ = {isa = PBXFileReference; lastKnownFileType = file; path = "JetBrainsMono-ExtraBold-Italic.ttf"; sourceTree = "<group>"; };
		3C7A96532529C6E4008F0FD2 /* JetBrainsMono-SemiLight-Italic.ttf */ = {isa = PBXFileReference; lastKnownFileType = file; path = "JetBrainsMono-SemiLight-Italic.ttf"; sourceTree = "<group>"; };
		3C7A96542529C6E4008F0FD2 /* JetBrainsMono-Variable-Italic.ttf */ = {isa = PBXFileReference; lastKnownFileType = file; path = "JetBrainsMono-Variable-Italic.ttf"; sourceTree = "<group>"; };
		3C7A96552529C6E4008F0FD2 /* JetBrainsMono-Bold-Italic.ttf */ = {isa = PBXFileReference; lastKnownFileType = file; path = "JetBrainsMono-Bold-Italic.ttf"; sourceTree = "<group>"; };
		3C7A96562529C6E4008F0FD2 /* JetBrainsMonoNL-ExtraLight.ttf */ = {isa = PBXFileReference; lastKnownFileType = file; path = "JetBrainsMonoNL-ExtraLight.ttf"; sourceTree = "<group>"; };
		3C7A96572529C6E4008F0FD2 /* JetBrainsMonoNL-Regular.ttf */ = {isa = PBXFileReference; lastKnownFileType = file; path = "JetBrainsMonoNL-Regular.ttf"; sourceTree = "<group>"; };
		3C7A96582529C6E5008F0FD2 /* JetBrainsMono-Variable.ttf */ = {isa = PBXFileReference; lastKnownFileType = file; path = "JetBrainsMono-Variable.ttf"; sourceTree = "<group>"; };
		3C7A96592529C6E5008F0FD2 /* JetBrainsMono-ExtraBold.ttf */ = {isa = PBXFileReference; lastKnownFileType = file; path = "JetBrainsMono-ExtraBold.ttf"; sourceTree = "<group>"; };
		3C7A965A2529C6E5008F0FD2 /* JetBrainsMono-Regular.ttf */ = {isa = PBXFileReference; lastKnownFileType = file; path = "JetBrainsMono-Regular.ttf"; sourceTree = "<group>"; };
		3C7A965B2529C6E5008F0FD2 /* JetBrainsMonoNL-Medium-Italic.ttf */ = {isa = PBXFileReference; lastKnownFileType = file; path = "JetBrainsMonoNL-Medium-Italic.ttf"; sourceTree = "<group>"; };
		3C7A965C2529C6E5008F0FD2 /* JetBrainsMonoNL-SemiLight-Italic.ttf */ = {isa = PBXFileReference; lastKnownFileType = file; path = "JetBrainsMonoNL-SemiLight-Italic.ttf"; sourceTree = "<group>"; };
		3C7A965D2529C6E5008F0FD2 /* JetBrainsMonoNL-Light-Italic.ttf */ = {isa = PBXFileReference; lastKnownFileType = file; path = "JetBrainsMonoNL-Light-Italic.ttf"; sourceTree = "<group>"; };
		3CCCB05825283F1A00EA0CE5 /* dreamDiary.app */ = {isa = PBXFileReference; explicitFileType = wrapper.application; includeInIndex = 0; path = dreamDiary.app; sourceTree = BUILT_PRODUCTS_DIR; };
		3CCCB05B25283F1A00EA0CE5 /* AppDelegate.swift */ = {isa = PBXFileReference; lastKnownFileType = sourcecode.swift; path = AppDelegate.swift; sourceTree = "<group>"; };
		3CCCB05D25283F1A00EA0CE5 /* SceneDelegate.swift */ = {isa = PBXFileReference; lastKnownFileType = sourcecode.swift; path = SceneDelegate.swift; sourceTree = "<group>"; };
		3CCCB05F25283F1A00EA0CE5 /* ViewController.swift */ = {isa = PBXFileReference; lastKnownFileType = sourcecode.swift; path = ViewController.swift; sourceTree = "<group>"; };
		3CCCB06225283F1A00EA0CE5 /* Base */ = {isa = PBXFileReference; lastKnownFileType = file.storyboard; name = Base; path = Base.lproj/Main.storyboard; sourceTree = "<group>"; };
		3CCCB06425283F1C00EA0CE5 /* Assets.xcassets */ = {isa = PBXFileReference; lastKnownFileType = folder.assetcatalog; path = Assets.xcassets; sourceTree = "<group>"; };
		3CCCB06725283F1C00EA0CE5 /* Base */ = {isa = PBXFileReference; lastKnownFileType = file.storyboard; name = Base; path = Base.lproj/LaunchScreen.storyboard; sourceTree = "<group>"; };
		3CCCB06925283F1C00EA0CE5 /* Info.plist */ = {isa = PBXFileReference; lastKnownFileType = text.plist.xml; path = Info.plist; sourceTree = "<group>"; };
		3CCCB06E25283F1C00EA0CE5 /* dreamDiaryTests.xctest */ = {isa = PBXFileReference; explicitFileType = wrapper.cfbundle; includeInIndex = 0; path = dreamDiaryTests.xctest; sourceTree = BUILT_PRODUCTS_DIR; };
		3CCCB07225283F1C00EA0CE5 /* dreamDiaryTests.swift */ = {isa = PBXFileReference; lastKnownFileType = sourcecode.swift; path = dreamDiaryTests.swift; sourceTree = "<group>"; };
		3CCCB07425283F1C00EA0CE5 /* Info.plist */ = {isa = PBXFileReference; lastKnownFileType = text.plist.xml; path = Info.plist; sourceTree = "<group>"; };
		3CCCB07925283F1C00EA0CE5 /* dreamDiaryUITests.xctest */ = {isa = PBXFileReference; explicitFileType = wrapper.cfbundle; includeInIndex = 0; path = dreamDiaryUITests.xctest; sourceTree = BUILT_PRODUCTS_DIR; };
		3CCCB07D25283F1C00EA0CE5 /* dreamDiaryUITests.swift */ = {isa = PBXFileReference; lastKnownFileType = sourcecode.swift; path = dreamDiaryUITests.swift; sourceTree = "<group>"; };
		3CCCB07F25283F1C00EA0CE5 /* Info.plist */ = {isa = PBXFileReference; lastKnownFileType = text.plist.xml; path = Info.plist; sourceTree = "<group>"; };
		3CE348E2252F0B6800881C4E /* MoreViewController.swift */ = {isa = PBXFileReference; lastKnownFileType = sourcecode.swift; path = MoreViewController.swift; sourceTree = "<group>"; };
		3CF929482528BB6B00B99A0F /* LogViewController.swift */ = {isa = PBXFileReference; lastKnownFileType = sourcecode.swift; path = LogViewController.swift; sourceTree = "<group>"; };
		8A08846785FD014B7E07A452 /* Pods-dreamDiaryTests.debug.xcconfig */ = {isa = PBXFileReference; includeInIndex = 1; lastKnownFileType = text.xcconfig; name = "Pods-dreamDiaryTests.debug.xcconfig"; path = "Target Support Files/Pods-dreamDiaryTests/Pods-dreamDiaryTests.debug.xcconfig"; sourceTree = "<group>"; };
		9967A2E00E4A6FF5D4115CC5 /* Pods_dreamDiary.framework */ = {isa = PBXFileReference; explicitFileType = wrapper.framework; includeInIndex = 0; path = Pods_dreamDiary.framework; sourceTree = BUILT_PRODUCTS_DIR; };
		A3430A360CC79EF698880AE8 /* Pods-dreamDiary-dreamDiaryUITests.debug.xcconfig */ = {isa = PBXFileReference; includeInIndex = 1; lastKnownFileType = text.xcconfig; name = "Pods-dreamDiary-dreamDiaryUITests.debug.xcconfig"; path = "Target Support Files/Pods-dreamDiary-dreamDiaryUITests/Pods-dreamDiary-dreamDiaryUITests.debug.xcconfig"; sourceTree = "<group>"; };
		A9FB7C9E024BC5C446C0AEC7 /* Pods-dreamDiary.debug.xcconfig */ = {isa = PBXFileReference; includeInIndex = 1; lastKnownFileType = text.xcconfig; name = "Pods-dreamDiary.debug.xcconfig"; path = "Target Support Files/Pods-dreamDiary/Pods-dreamDiary.debug.xcconfig"; sourceTree = "<group>"; };
		BE4E05170F966CBF7029E9EB /* Pods_dreamDiaryTests.framework */ = {isa = PBXFileReference; explicitFileType = wrapper.framework; includeInIndex = 0; path = Pods_dreamDiaryTests.framework; sourceTree = BUILT_PRODUCTS_DIR; };
		C451FE0D2E7CB4F0615F15DB /* Pods-dreamDiary-dreamDiaryUITests.release.xcconfig */ = {isa = PBXFileReference; includeInIndex = 1; lastKnownFileType = text.xcconfig; name = "Pods-dreamDiary-dreamDiaryUITests.release.xcconfig"; path = "Target Support Files/Pods-dreamDiary-dreamDiaryUITests/Pods-dreamDiary-dreamDiaryUITests.release.xcconfig"; sourceTree = "<group>"; };
		DF446D801D3D54DE2E781309 /* Pods_dreamDiary_dreamDiaryUITests.framework */ = {isa = PBXFileReference; explicitFileType = wrapper.framework; includeInIndex = 0; path = Pods_dreamDiary_dreamDiaryUITests.framework; sourceTree = BUILT_PRODUCTS_DIR; };
		F306D56CB03695E82D6A4B6B /* Pods-dreamDiary.release.xcconfig */ = {isa = PBXFileReference; includeInIndex = 1; lastKnownFileType = text.xcconfig; name = "Pods-dreamDiary.release.xcconfig"; path = "Target Support Files/Pods-dreamDiary/Pods-dreamDiary.release.xcconfig"; sourceTree = "<group>"; };
/* End PBXFileReference section */

/* Begin PBXFrameworksBuildPhase section */
		3CCCB05525283F1A00EA0CE5 /* Frameworks */ = {
			isa = PBXFrameworksBuildPhase;
			buildActionMask = 2147483647;
			files = (
				47ACC2B852C43CF82DA3CCA0 /* Pods_dreamDiary.framework in Frameworks */,
			);
			runOnlyForDeploymentPostprocessing = 0;
		};
		3CCCB06B25283F1C00EA0CE5 /* Frameworks */ = {
			isa = PBXFrameworksBuildPhase;
			buildActionMask = 2147483647;
			files = (
				0A598E95E8E907AAEBB53F3D /* Pods_dreamDiaryTests.framework in Frameworks */,
			);
			runOnlyForDeploymentPostprocessing = 0;
		};
		3CCCB07625283F1C00EA0CE5 /* Frameworks */ = {
			isa = PBXFrameworksBuildPhase;
			buildActionMask = 2147483647;
			files = (
				7936757BDDDD9E886AA60AC9 /* Pods_dreamDiary_dreamDiaryUITests.framework in Frameworks */,
			);
			runOnlyForDeploymentPostprocessing = 0;
		};
/* End PBXFrameworksBuildPhase section */

/* Begin PBXGroup section */
		3C7A963F2529C642008F0FD2 /* font */ = {
			isa = PBXGroup;
			children = (
				3C7A96552529C6E4008F0FD2 /* JetBrainsMono-Bold-Italic.ttf */,
				3C7A964D2529C6E4008F0FD2 /* JetBrainsMono-Bold.ttf */,
				3C7A96522529C6E4008F0FD2 /* JetBrainsMono-ExtraBold-Italic.ttf */,
				3C7A96592529C6E5008F0FD2 /* JetBrainsMono-ExtraBold.ttf */,
				3C7A96452529C6E4008F0FD2 /* JetBrainsMono-ExtraLight-Italic.ttf */,
				3C7A96502529C6E4008F0FD2 /* JetBrainsMono-ExtraLight.ttf */,
				3C7A96412529C6E3008F0FD2 /* JetBrainsMono-Italic.ttf */,
				3C7A96492529C6E4008F0FD2 /* JetBrainsMono-Light-Italic.ttf */,
				3C7A964A2529C6E4008F0FD2 /* JetBrainsMono-Light.ttf */,
				3C7A96472529C6E4008F0FD2 /* JetBrainsMono-Medium-Italic.ttf */,
				3C7A96402529C6E3008F0FD2 /* JetBrainsMono-Medium.ttf */,
				3C7A965A2529C6E5008F0FD2 /* JetBrainsMono-Regular.ttf */,
				3C7A96532529C6E4008F0FD2 /* JetBrainsMono-SemiLight-Italic.ttf */,
				3C7A96422529C6E4008F0FD2 /* JetBrainsMono-SemiLight.ttf */,
				3C7A96542529C6E4008F0FD2 /* JetBrainsMono-Variable-Italic.ttf */,
				3C7A96582529C6E5008F0FD2 /* JetBrainsMono-Variable.ttf */,
				3C7A964F2529C6E4008F0FD2 /* JetBrainsMonoNL-Bold-Italic.ttf */,
				3C7A96442529C6E4008F0FD2 /* JetBrainsMonoNL-Bold.ttf */,
				3C7A96512529C6E4008F0FD2 /* JetBrainsMonoNL-ExtraBold-Italic.ttf */,
				3C7A964C2529C6E4008F0FD2 /* JetBrainsMonoNL-ExtraBold.ttf */,
				3C7A96462529C6E4008F0FD2 /* JetBrainsMonoNL-ExtraLight-Italic.ttf */,
				3C7A96562529C6E4008F0FD2 /* JetBrainsMonoNL-ExtraLight.ttf */,
				3C7A96482529C6E4008F0FD2 /* JetBrainsMonoNL-Italic.ttf */,
				3C7A965D2529C6E5008F0FD2 /* JetBrainsMonoNL-Light-Italic.ttf */,
				3C7A964B2529C6E4008F0FD2 /* JetBrainsMonoNL-Light.ttf */,
				3C7A965B2529C6E5008F0FD2 /* JetBrainsMonoNL-Medium-Italic.ttf */,
				3C7A964E2529C6E4008F0FD2 /* JetBrainsMonoNL-Medium.ttf */,
				3C7A96572529C6E4008F0FD2 /* JetBrainsMonoNL-Regular.ttf */,
				3C7A965C2529C6E5008F0FD2 /* JetBrainsMonoNL-SemiLight-Italic.ttf */,
				3C7A96432529C6E4008F0FD2 /* JetBrainsMonoNL-SemiLight.ttf */,
			);
			path = font;
			sourceTree = "<group>";
		};
		3CCCB04F25283F1A00EA0CE5 = {
			isa = PBXGroup;
			children = (
				3CCCB05A25283F1A00EA0CE5 /* dreamDiary */,
				3CCCB07125283F1C00EA0CE5 /* dreamDiaryTests */,
				3CCCB07C25283F1C00EA0CE5 /* dreamDiaryUITests */,
				3CCCB05925283F1A00EA0CE5 /* Products */,
				CE8A7202AD5F7020D04ED393 /* Pods */,
				A26F3C66A67FEAA18D18BE24 /* Frameworks */,
			);
			sourceTree = "<group>";
		};
		3CCCB05925283F1A00EA0CE5 /* Products */ = {
			isa = PBXGroup;
			children = (
				3CCCB05825283F1A00EA0CE5 /* dreamDiary.app */,
				3CCCB06E25283F1C00EA0CE5 /* dreamDiaryTests.xctest */,
				3CCCB07925283F1C00EA0CE5 /* dreamDiaryUITests.xctest */,
			);
			name = Products;
			sourceTree = "<group>";
		};
		3CCCB05A25283F1A00EA0CE5 /* dreamDiary */ = {
			isa = PBXGroup;
			children = (
				3C7A963F2529C642008F0FD2 /* font */,
				3CCCB05B25283F1A00EA0CE5 /* AppDelegate.swift */,
				3CCCB05D25283F1A00EA0CE5 /* SceneDelegate.swift */,
				3CCCB05F25283F1A00EA0CE5 /* ViewController.swift */,
				3CF929482528BB6B00B99A0F /* LogViewController.swift */,
				3C660E41252A21A100C4E9CD /* CalendarViewController.swift */,
				3C660E49252A24A200C4E9CD /* InputDiaryViewController.swift */,
				3C660E5C252A3D5100C4E9CD /* DetailDiaryViewController.swift */,
				3C660E51252A251600C4E9CD /* AlarmViewController.swift */,
				3C07176825372E5F00BA1AA2 /* SleepViewController.swift */,
				3C07177925372F2600BA1AA2 /* Alarm.swift */,
				3C07177425372ED200BA1AA2 /* CurrentTime.swift */,
				3CE348E2252F0B6800881C4E /* MoreViewController.swift */,
				3C0E68B3252CB11A00A71E63 /* DreamModel.swift */,
				3CCCB06125283F1A00EA0CE5 /* Main.storyboard */,
				3CCCB06425283F1C00EA0CE5 /* Assets.xcassets */,
				3CCCB06625283F1C00EA0CE5 /* LaunchScreen.storyboard */,
				3CCCB06925283F1C00EA0CE5 /* Info.plist */,
			);
			path = dreamDiary;
			sourceTree = "<group>";
		};
		3CCCB07125283F1C00EA0CE5 /* dreamDiaryTests */ = {
			isa = PBXGroup;
			children = (
				3CCCB07225283F1C00EA0CE5 /* dreamDiaryTests.swift */,
				3CCCB07425283F1C00EA0CE5 /* Info.plist */,
			);
			path = dreamDiaryTests;
			sourceTree = "<group>";
		};
		3CCCB07C25283F1C00EA0CE5 /* dreamDiaryUITests */ = {
			isa = PBXGroup;
			children = (
				3CCCB07D25283F1C00EA0CE5 /* dreamDiaryUITests.swift */,
				3CCCB07F25283F1C00EA0CE5 /* Info.plist */,
			);
			path = dreamDiaryUITests;
			sourceTree = "<group>";
		};
		A26F3C66A67FEAA18D18BE24 /* Frameworks */ = {
			isa = PBXGroup;
			children = (
				9967A2E00E4A6FF5D4115CC5 /* Pods_dreamDiary.framework */,
				DF446D801D3D54DE2E781309 /* Pods_dreamDiary_dreamDiaryUITests.framework */,
				BE4E05170F966CBF7029E9EB /* Pods_dreamDiaryTests.framework */,
			);
			name = Frameworks;
			sourceTree = "<group>";
		};
		CE8A7202AD5F7020D04ED393 /* Pods */ = {
			isa = PBXGroup;
			children = (
				A9FB7C9E024BC5C446C0AEC7 /* Pods-dreamDiary.debug.xcconfig */,
				F306D56CB03695E82D6A4B6B /* Pods-dreamDiary.release.xcconfig */,
				A3430A360CC79EF698880AE8 /* Pods-dreamDiary-dreamDiaryUITests.debug.xcconfig */,
				C451FE0D2E7CB4F0615F15DB /* Pods-dreamDiary-dreamDiaryUITests.release.xcconfig */,
				8A08846785FD014B7E07A452 /* Pods-dreamDiaryTests.debug.xcconfig */,
				27E77FE8988B55DA5561AEAD /* Pods-dreamDiaryTests.release.xcconfig */,
			);
			path = Pods;
			sourceTree = "<group>";
		};
/* End PBXGroup section */

/* Begin PBXNativeTarget section */
		3CCCB05725283F1A00EA0CE5 /* dreamDiary */ = {
			isa = PBXNativeTarget;
			buildConfigurationList = 3CCCB08225283F1C00EA0CE5 /* Build configuration list for PBXNativeTarget "dreamDiary" */;
			buildPhases = (
				08DAD6D6ACAD5967ECEB41B7 /* [CP] Check Pods Manifest.lock */,
				3CCCB05425283F1A00EA0CE5 /* Sources */,
				3CCCB05525283F1A00EA0CE5 /* Frameworks */,
				3CCCB05625283F1A00EA0CE5 /* Resources */,
				C4D7D4D5FB823CD6C5725CB3 /* [CP] Embed Pods Frameworks */,
			);
			buildRules = (
			);
			dependencies = (
			);
			name = dreamDiary;
			productName = dreamDiary;
			productReference = 3CCCB05825283F1A00EA0CE5 /* dreamDiary.app */;
			productType = "com.apple.product-type.application";
		};
		3CCCB06D25283F1C00EA0CE5 /* dreamDiaryTests */ = {
			isa = PBXNativeTarget;
			buildConfigurationList = 3CCCB08525283F1C00EA0CE5 /* Build configuration list for PBXNativeTarget "dreamDiaryTests" */;
			buildPhases = (
				177E06E6D6BAE479CBFA9BD4 /* [CP] Check Pods Manifest.lock */,
				3CCCB06A25283F1C00EA0CE5 /* Sources */,
				3CCCB06B25283F1C00EA0CE5 /* Frameworks */,
				3CCCB06C25283F1C00EA0CE5 /* Resources */,
			);
			buildRules = (
			);
			dependencies = (
				3CCCB07025283F1C00EA0CE5 /* PBXTargetDependency */,
			);
			name = dreamDiaryTests;
			productName = dreamDiaryTests;
			productReference = 3CCCB06E25283F1C00EA0CE5 /* dreamDiaryTests.xctest */;
			productType = "com.apple.product-type.bundle.unit-test";
		};
		3CCCB07825283F1C00EA0CE5 /* dreamDiaryUITests */ = {
			isa = PBXNativeTarget;
			buildConfigurationList = 3CCCB08825283F1C00EA0CE5 /* Build configuration list for PBXNativeTarget "dreamDiaryUITests" */;
			buildPhases = (
				D9E0EB17C4FD1CB56F4EBDA7 /* [CP] Check Pods Manifest.lock */,
				3CCCB07525283F1C00EA0CE5 /* Sources */,
				3CCCB07625283F1C00EA0CE5 /* Frameworks */,
				3CCCB07725283F1C00EA0CE5 /* Resources */,
				25E224F98C22B931FB6174E5 /* [CP] Embed Pods Frameworks */,
			);
			buildRules = (
			);
			dependencies = (
				3CCCB07B25283F1C00EA0CE5 /* PBXTargetDependency */,
			);
			name = dreamDiaryUITests;
			productName = dreamDiaryUITests;
			productReference = 3CCCB07925283F1C00EA0CE5 /* dreamDiaryUITests.xctest */;
			productType = "com.apple.product-type.bundle.ui-testing";
		};
/* End PBXNativeTarget section */

/* Begin PBXProject section */
		3CCCB05025283F1A00EA0CE5 /* Project object */ = {
			isa = PBXProject;
			attributes = {
				LastSwiftUpdateCheck = 1200;
				LastUpgradeCheck = 1200;
				TargetAttributes = {
					3CCCB05725283F1A00EA0CE5 = {
						CreatedOnToolsVersion = 12.0.1;
					};
					3CCCB06D25283F1C00EA0CE5 = {
						CreatedOnToolsVersion = 12.0.1;
						TestTargetID = 3CCCB05725283F1A00EA0CE5;
					};
					3CCCB07825283F1C00EA0CE5 = {
						CreatedOnToolsVersion = 12.0.1;
						TestTargetID = 3CCCB05725283F1A00EA0CE5;
					};
				};
			};
			buildConfigurationList = 3CCCB05325283F1A00EA0CE5 /* Build configuration list for PBXProject "dreamDiary" */;
			compatibilityVersion = "Xcode 9.3";
			developmentRegion = en;
			hasScannedForEncodings = 0;
			knownRegions = (
				en,
				Base,
			);
			mainGroup = 3CCCB04F25283F1A00EA0CE5;
			productRefGroup = 3CCCB05925283F1A00EA0CE5 /* Products */;
			projectDirPath = "";
			projectRoot = "";
			targets = (
				3CCCB05725283F1A00EA0CE5 /* dreamDiary */,
				3CCCB06D25283F1C00EA0CE5 /* dreamDiaryTests */,
				3CCCB07825283F1C00EA0CE5 /* dreamDiaryUITests */,
			);
		};
/* End PBXProject section */

/* Begin PBXResourcesBuildPhase section */
		3CCCB05625283F1A00EA0CE5 /* Resources */ = {
			isa = PBXResourcesBuildPhase;
			buildActionMask = 2147483647;
			files = (
				3C7A966A2529C6E5008F0FD2 /* JetBrainsMonoNL-ExtraBold.ttf in Resources */,
				3C7A965F2529C6E5008F0FD2 /* JetBrainsMono-Italic.ttf in Resources */,
				3C7A967B2529C6E5008F0FD2 /* JetBrainsMonoNL-Light-Italic.ttf in Resources */,
				3CCCB06825283F1C00EA0CE5 /* LaunchScreen.storyboard in Resources */,
				3C7A966B2529C6E5008F0FD2 /* JetBrainsMono-Bold.ttf in Resources */,
				3C7A965E2529C6E5008F0FD2 /* JetBrainsMono-Medium.ttf in Resources */,
				3C7A96692529C6E5008F0FD2 /* JetBrainsMonoNL-Light.ttf in Resources */,
				3C7A96602529C6E5008F0FD2 /* JetBrainsMono-SemiLight.ttf in Resources */,
				3C7A966C2529C6E5008F0FD2 /* JetBrainsMonoNL-Medium.ttf in Resources */,
				3C7A96642529C6E5008F0FD2 /* JetBrainsMonoNL-ExtraLight-Italic.ttf in Resources */,
				3C7A96652529C6E5008F0FD2 /* JetBrainsMono-Medium-Italic.ttf in Resources */,
				3C7A96752529C6E5008F0FD2 /* JetBrainsMonoNL-Regular.ttf in Resources */,
				3C7A96742529C6E5008F0FD2 /* JetBrainsMonoNL-ExtraLight.ttf in Resources */,
				3C7A96722529C6E5008F0FD2 /* JetBrainsMono-Variable-Italic.ttf in Resources */,
				3C7A96662529C6E5008F0FD2 /* JetBrainsMonoNL-Italic.ttf in Resources */,
				3C7A96682529C6E5008F0FD2 /* JetBrainsMono-Light.ttf in Resources */,
				3C7A966F2529C6E5008F0FD2 /* JetBrainsMonoNL-ExtraBold-Italic.ttf in Resources */,
				3C7A96762529C6E5008F0FD2 /* JetBrainsMono-Variable.ttf in Resources */,
				3C7A966E2529C6E5008F0FD2 /* JetBrainsMono-ExtraLight.ttf in Resources */,
				3C7A96612529C6E5008F0FD2 /* JetBrainsMonoNL-SemiLight.ttf in Resources */,
				3CCCB06525283F1C00EA0CE5 /* Assets.xcassets in Resources */,
				3CCCB06325283F1A00EA0CE5 /* Main.storyboard in Resources */,
				3C7A96622529C6E5008F0FD2 /* JetBrainsMonoNL-Bold.ttf in Resources */,
				3C7A96712529C6E5008F0FD2 /* JetBrainsMono-SemiLight-Italic.ttf in Resources */,
				3C7A96732529C6E5008F0FD2 /* JetBrainsMono-Bold-Italic.ttf in Resources */,
				3C7A96702529C6E5008F0FD2 /* JetBrainsMono-ExtraBold-Italic.ttf in Resources */,
				3C7A96672529C6E5008F0FD2 /* JetBrainsMono-Light-Italic.ttf in Resources */,
				3C7A96632529C6E5008F0FD2 /* JetBrainsMono-ExtraLight-Italic.ttf in Resources */,
				3C7A967A2529C6E5008F0FD2 /* JetBrainsMonoNL-SemiLight-Italic.ttf in Resources */,
				3C7A96772529C6E5008F0FD2 /* JetBrainsMono-ExtraBold.ttf in Resources */,
				3C7A966D2529C6E5008F0FD2 /* JetBrainsMonoNL-Bold-Italic.ttf in Resources */,
				3C7A96782529C6E5008F0FD2 /* JetBrainsMono-Regular.ttf in Resources */,
				3C7A96792529C6E5008F0FD2 /* JetBrainsMonoNL-Medium-Italic.ttf in Resources */,
			);
			runOnlyForDeploymentPostprocessing = 0;
		};
		3CCCB06C25283F1C00EA0CE5 /* Resources */ = {
			isa = PBXResourcesBuildPhase;
			buildActionMask = 2147483647;
			files = (
			);
			runOnlyForDeploymentPostprocessing = 0;
		};
		3CCCB07725283F1C00EA0CE5 /* Resources */ = {
			isa = PBXResourcesBuildPhase;
			buildActionMask = 2147483647;
			files = (
			);
			runOnlyForDeploymentPostprocessing = 0;
		};
/* End PBXResourcesBuildPhase section */

/* Begin PBXShellScriptBuildPhase section */
		08DAD6D6ACAD5967ECEB41B7 /* [CP] Check Pods Manifest.lock */ = {
			isa = PBXShellScriptBuildPhase;
			buildActionMask = 2147483647;
			files = (
			);
			inputFileListPaths = (
			);
			inputPaths = (
				"${PODS_PODFILE_DIR_PATH}/Podfile.lock",
				"${PODS_ROOT}/Manifest.lock",
			);
			name = "[CP] Check Pods Manifest.lock";
			outputFileListPaths = (
			);
			outputPaths = (
				"$(DERIVED_FILE_DIR)/Pods-dreamDiary-checkManifestLockResult.txt",
			);
			runOnlyForDeploymentPostprocessing = 0;
			shellPath = /bin/sh;
			shellScript = "diff \"${PODS_PODFILE_DIR_PATH}/Podfile.lock\" \"${PODS_ROOT}/Manifest.lock\" > /dev/null\nif [ $? != 0 ] ; then\n    # print error to STDERR\n    echo \"error: The sandbox is not in sync with the Podfile.lock. Run 'pod install' or update your CocoaPods installation.\" >&2\n    exit 1\nfi\n# This output is used by Xcode 'outputs' to avoid re-running this script phase.\necho \"SUCCESS\" > \"${SCRIPT_OUTPUT_FILE_0}\"\n";
			showEnvVarsInLog = 0;
		};
		177E06E6D6BAE479CBFA9BD4 /* [CP] Check Pods Manifest.lock */ = {
			isa = PBXShellScriptBuildPhase;
			buildActionMask = 2147483647;
			files = (
			);
			inputFileListPaths = (
			);
			inputPaths = (
				"${PODS_PODFILE_DIR_PATH}/Podfile.lock",
				"${PODS_ROOT}/Manifest.lock",
			);
			name = "[CP] Check Pods Manifest.lock";
			outputFileListPaths = (
			);
			outputPaths = (
				"$(DERIVED_FILE_DIR)/Pods-dreamDiaryTests-checkManifestLockResult.txt",
			);
			runOnlyForDeploymentPostprocessing = 0;
			shellPath = /bin/sh;
			shellScript = "diff \"${PODS_PODFILE_DIR_PATH}/Podfile.lock\" \"${PODS_ROOT}/Manifest.lock\" > /dev/null\nif [ $? != 0 ] ; then\n    # print error to STDERR\n    echo \"error: The sandbox is not in sync with the Podfile.lock. Run 'pod install' or update your CocoaPods installation.\" >&2\n    exit 1\nfi\n# This output is used by Xcode 'outputs' to avoid re-running this script phase.\necho \"SUCCESS\" > \"${SCRIPT_OUTPUT_FILE_0}\"\n";
			showEnvVarsInLog = 0;
		};
		25E224F98C22B931FB6174E5 /* [CP] Embed Pods Frameworks */ = {
			isa = PBXShellScriptBuildPhase;
			buildActionMask = 2147483647;
			files = (
			);
			inputFileListPaths = (
				"${PODS_ROOT}/Target Support Files/Pods-dreamDiary-dreamDiaryUITests/Pods-dreamDiary-dreamDiaryUITests-frameworks-${CONFIGURATION}-input-files.xcfilelist",
			);
			name = "[CP] Embed Pods Frameworks";
			outputFileListPaths = (
				"${PODS_ROOT}/Target Support Files/Pods-dreamDiary-dreamDiaryUITests/Pods-dreamDiary-dreamDiaryUITests-frameworks-${CONFIGURATION}-output-files.xcfilelist",
			);
			runOnlyForDeploymentPostprocessing = 0;
			shellPath = /bin/sh;
			shellScript = "\"${PODS_ROOT}/Target Support Files/Pods-dreamDiary-dreamDiaryUITests/Pods-dreamDiary-dreamDiaryUITests-frameworks.sh\"\n";
			showEnvVarsInLog = 0;
		};
		C4D7D4D5FB823CD6C5725CB3 /* [CP] Embed Pods Frameworks */ = {
			isa = PBXShellScriptBuildPhase;
			buildActionMask = 2147483647;
			files = (
			);
			inputFileListPaths = (
				"${PODS_ROOT}/Target Support Files/Pods-dreamDiary/Pods-dreamDiary-frameworks-${CONFIGURATION}-input-files.xcfilelist",
			);
			name = "[CP] Embed Pods Frameworks";
			outputFileListPaths = (
				"${PODS_ROOT}/Target Support Files/Pods-dreamDiary/Pods-dreamDiary-frameworks-${CONFIGURATION}-output-files.xcfilelist",
			);
			runOnlyForDeploymentPostprocessing = 0;
			shellPath = /bin/sh;
			shellScript = "\"${PODS_ROOT}/Target Support Files/Pods-dreamDiary/Pods-dreamDiary-frameworks.sh\"\n";
			showEnvVarsInLog = 0;
		};
		D9E0EB17C4FD1CB56F4EBDA7 /* [CP] Check Pods Manifest.lock */ = {
			isa = PBXShellScriptBuildPhase;
			buildActionMask = 2147483647;
			files = (
			);
			inputFileListPaths = (
			);
			inputPaths = (
				"${PODS_PODFILE_DIR_PATH}/Podfile.lock",
				"${PODS_ROOT}/Manifest.lock",
			);
			name = "[CP] Check Pods Manifest.lock";
			outputFileListPaths = (
			);
			outputPaths = (
				"$(DERIVED_FILE_DIR)/Pods-dreamDiary-dreamDiaryUITests-checkManifestLockResult.txt",
			);
			runOnlyForDeploymentPostprocessing = 0;
			shellPath = /bin/sh;
			shellScript = "diff \"${PODS_PODFILE_DIR_PATH}/Podfile.lock\" \"${PODS_ROOT}/Manifest.lock\" > /dev/null\nif [ $? != 0 ] ; then\n    # print error to STDERR\n    echo \"error: The sandbox is not in sync with the Podfile.lock. Run 'pod install' or update your CocoaPods installation.\" >&2\n    exit 1\nfi\n# This output is used by Xcode 'outputs' to avoid re-running this script phase.\necho \"SUCCESS\" > \"${SCRIPT_OUTPUT_FILE_0}\"\n";
			showEnvVarsInLog = 0;
		};
/* End PBXShellScriptBuildPhase section */

/* Begin PBXSourcesBuildPhase section */
		3CCCB05425283F1A00EA0CE5 /* Sources */ = {
			isa = PBXSourcesBuildPhase;
			buildActionMask = 2147483647;
			files = (
				3C660E42252A21A100C4E9CD /* CalendarViewController.swift in Sources */,
				3CCCB06025283F1A00EA0CE5 /* ViewController.swift in Sources */,
				3C07176925372E5F00BA1AA2 /* SleepViewController.swift in Sources */,
				3C660E52252A251600C4E9CD /* AlarmViewController.swift in Sources */,
				3CCCB05C25283F1A00EA0CE5 /* AppDelegate.swift in Sources */,
				3C660E4A252A24A200C4E9CD /* InputDiaryViewController.swift in Sources */,
				3C07177525372ED200BA1AA2 /* CurrentTime.swift in Sources */,
				3CE348E3252F0B6800881C4E /* MoreViewController.swift in Sources */,
				3C07177A25372F2600BA1AA2 /* Alarm.swift in Sources */,
				3C660E5D252A3D5100C4E9CD /* DetailDiaryViewController.swift in Sources */,
				3C0E68B4252CB11A00A71E63 /* DreamModel.swift in Sources */,
				3CCCB05E25283F1A00EA0CE5 /* SceneDelegate.swift in Sources */,
				3CF929492528BB6B00B99A0F /* LogViewController.swift in Sources */,
			);
			runOnlyForDeploymentPostprocessing = 0;
		};
		3CCCB06A25283F1C00EA0CE5 /* Sources */ = {
			isa = PBXSourcesBuildPhase;
			buildActionMask = 2147483647;
			files = (
				3CCCB07325283F1C00EA0CE5 /* dreamDiaryTests.swift in Sources */,
			);
			runOnlyForDeploymentPostprocessing = 0;
		};
		3CCCB07525283F1C00EA0CE5 /* Sources */ = {
			isa = PBXSourcesBuildPhase;
			buildActionMask = 2147483647;
			files = (
				3CCCB07E25283F1C00EA0CE5 /* dreamDiaryUITests.swift in Sources */,
			);
			runOnlyForDeploymentPostprocessing = 0;
		};
/* End PBXSourcesBuildPhase section */

/* Begin PBXTargetDependency section */
		3CCCB07025283F1C00EA0CE5 /* PBXTargetDependency */ = {
			isa = PBXTargetDependency;
			target = 3CCCB05725283F1A00EA0CE5 /* dreamDiary */;
			targetProxy = 3CCCB06F25283F1C00EA0CE5 /* PBXContainerItemProxy */;
		};
		3CCCB07B25283F1C00EA0CE5 /* PBXTargetDependency */ = {
			isa = PBXTargetDependency;
			target = 3CCCB05725283F1A00EA0CE5 /* dreamDiary */;
			targetProxy = 3CCCB07A25283F1C00EA0CE5 /* PBXContainerItemProxy */;
		};
/* End PBXTargetDependency section */

/* Begin PBXVariantGroup section */
		3CCCB06125283F1A00EA0CE5 /* Main.storyboard */ = {
			isa = PBXVariantGroup;
			children = (
				3CCCB06225283F1A00EA0CE5 /* Base */,
			);
			name = Main.storyboard;
			sourceTree = "<group>";
		};
		3CCCB06625283F1C00EA0CE5 /* LaunchScreen.storyboard */ = {
			isa = PBXVariantGroup;
			children = (
				3CCCB06725283F1C00EA0CE5 /* Base */,
			);
			name = LaunchScreen.storyboard;
			sourceTree = "<group>";
		};
/* End PBXVariantGroup section */

/* Begin XCBuildConfiguration section */
		3CCCB08025283F1C00EA0CE5 /* Debug */ = {
			isa = XCBuildConfiguration;
			buildSettings = {
				ALWAYS_SEARCH_USER_PATHS = NO;
				CLANG_ANALYZER_NONNULL = YES;
				CLANG_ANALYZER_NUMBER_OBJECT_CONVERSION = YES_AGGRESSIVE;
				CLANG_CXX_LANGUAGE_STANDARD = "gnu++14";
				CLANG_CXX_LIBRARY = "libc++";
				CLANG_ENABLE_MODULES = YES;
				CLANG_ENABLE_OBJC_ARC = YES;
				CLANG_ENABLE_OBJC_WEAK = YES;
				CLANG_WARN_BLOCK_CAPTURE_AUTORELEASING = YES;
				CLANG_WARN_BOOL_CONVERSION = YES;
				CLANG_WARN_COMMA = YES;
				CLANG_WARN_CONSTANT_CONVERSION = YES;
				CLANG_WARN_DEPRECATED_OBJC_IMPLEMENTATIONS = YES;
				CLANG_WARN_DIRECT_OBJC_ISA_USAGE = YES_ERROR;
				CLANG_WARN_DOCUMENTATION_COMMENTS = YES;
				CLANG_WARN_EMPTY_BODY = YES;
				CLANG_WARN_ENUM_CONVERSION = YES;
				CLANG_WARN_INFINITE_RECURSION = YES;
				CLANG_WARN_INT_CONVERSION = YES;
				CLANG_WARN_NON_LITERAL_NULL_CONVERSION = YES;
				CLANG_WARN_OBJC_IMPLICIT_RETAIN_SELF = YES;
				CLANG_WARN_OBJC_LITERAL_CONVERSION = YES;
				CLANG_WARN_OBJC_ROOT_CLASS = YES_ERROR;
				CLANG_WARN_QUOTED_INCLUDE_IN_FRAMEWORK_HEADER = YES;
				CLANG_WARN_RANGE_LOOP_ANALYSIS = YES;
				CLANG_WARN_STRICT_PROTOTYPES = YES;
				CLANG_WARN_SUSPICIOUS_MOVE = YES;
				CLANG_WARN_UNGUARDED_AVAILABILITY = YES_AGGRESSIVE;
				CLANG_WARN_UNREACHABLE_CODE = YES;
				CLANG_WARN__DUPLICATE_METHOD_MATCH = YES;
				COPY_PHASE_STRIP = NO;
				DEBUG_INFORMATION_FORMAT = dwarf;
				ENABLE_STRICT_OBJC_MSGSEND = YES;
				ENABLE_TESTABILITY = YES;
				GCC_C_LANGUAGE_STANDARD = gnu11;
				GCC_DYNAMIC_NO_PIC = NO;
				GCC_NO_COMMON_BLOCKS = YES;
				GCC_OPTIMIZATION_LEVEL = 0;
				GCC_PREPROCESSOR_DEFINITIONS = (
					"DEBUG=1",
					"$(inherited)",
				);
				GCC_WARN_64_TO_32_BIT_CONVERSION = YES;
				GCC_WARN_ABOUT_RETURN_TYPE = YES_ERROR;
				GCC_WARN_UNDECLARED_SELECTOR = YES;
				GCC_WARN_UNINITIALIZED_AUTOS = YES_AGGRESSIVE;
				GCC_WARN_UNUSED_FUNCTION = YES;
				GCC_WARN_UNUSED_VARIABLE = YES;
				IPHONEOS_DEPLOYMENT_TARGET = 14.0;
				MTL_ENABLE_DEBUG_INFO = INCLUDE_SOURCE;
				MTL_FAST_MATH = YES;
				ONLY_ACTIVE_ARCH = YES;
				SDKROOT = iphoneos;
				SWIFT_ACTIVE_COMPILATION_CONDITIONS = DEBUG;
				SWIFT_OPTIMIZATION_LEVEL = "-Onone";
			};
			name = Debug;
		};
		3CCCB08125283F1C00EA0CE5 /* Release */ = {
			isa = XCBuildConfiguration;
			buildSettings = {
				ALWAYS_SEARCH_USER_PATHS = NO;
				CLANG_ANALYZER_NONNULL = YES;
				CLANG_ANALYZER_NUMBER_OBJECT_CONVERSION = YES_AGGRESSIVE;
				CLANG_CXX_LANGUAGE_STANDARD = "gnu++14";
				CLANG_CXX_LIBRARY = "libc++";
				CLANG_ENABLE_MODULES = YES;
				CLANG_ENABLE_OBJC_ARC = YES;
				CLANG_ENABLE_OBJC_WEAK = YES;
				CLANG_WARN_BLOCK_CAPTURE_AUTORELEASING = YES;
				CLANG_WARN_BOOL_CONVERSION = YES;
				CLANG_WARN_COMMA = YES;
				CLANG_WARN_CONSTANT_CONVERSION = YES;
				CLANG_WARN_DEPRECATED_OBJC_IMPLEMENTATIONS = YES;
				CLANG_WARN_DIRECT_OBJC_ISA_USAGE = YES_ERROR;
				CLANG_WARN_DOCUMENTATION_COMMENTS = YES;
				CLANG_WARN_EMPTY_BODY = YES;
				CLANG_WARN_ENUM_CONVERSION = YES;
				CLANG_WARN_INFINITE_RECURSION = YES;
				CLANG_WARN_INT_CONVERSION = YES;
				CLANG_WARN_NON_LITERAL_NULL_CONVERSION = YES;
				CLANG_WARN_OBJC_IMPLICIT_RETAIN_SELF = YES;
				CLANG_WARN_OBJC_LITERAL_CONVERSION = YES;
				CLANG_WARN_OBJC_ROOT_CLASS = YES_ERROR;
				CLANG_WARN_QUOTED_INCLUDE_IN_FRAMEWORK_HEADER = YES;
				CLANG_WARN_RANGE_LOOP_ANALYSIS = YES;
				CLANG_WARN_STRICT_PROTOTYPES = YES;
				CLANG_WARN_SUSPICIOUS_MOVE = YES;
				CLANG_WARN_UNGUARDED_AVAILABILITY = YES_AGGRESSIVE;
				CLANG_WARN_UNREACHABLE_CODE = YES;
				CLANG_WARN__DUPLICATE_METHOD_MATCH = YES;
				COPY_PHASE_STRIP = NO;
				DEBUG_INFORMATION_FORMAT = "dwarf-with-dsym";
				ENABLE_NS_ASSERTIONS = NO;
				ENABLE_STRICT_OBJC_MSGSEND = YES;
				GCC_C_LANGUAGE_STANDARD = gnu11;
				GCC_NO_COMMON_BLOCKS = YES;
				GCC_WARN_64_TO_32_BIT_CONVERSION = YES;
				GCC_WARN_ABOUT_RETURN_TYPE = YES_ERROR;
				GCC_WARN_UNDECLARED_SELECTOR = YES;
				GCC_WARN_UNINITIALIZED_AUTOS = YES_AGGRESSIVE;
				GCC_WARN_UNUSED_FUNCTION = YES;
				GCC_WARN_UNUSED_VARIABLE = YES;
				IPHONEOS_DEPLOYMENT_TARGET = 14.0;
				MTL_ENABLE_DEBUG_INFO = NO;
				MTL_FAST_MATH = YES;
				SDKROOT = iphoneos;
				SWIFT_COMPILATION_MODE = wholemodule;
				SWIFT_OPTIMIZATION_LEVEL = "-O";
				VALIDATE_PRODUCT = YES;
			};
			name = Release;
		};
		3CCCB08325283F1C00EA0CE5 /* Debug */ = {
			isa = XCBuildConfiguration;
			baseConfigurationReference = A9FB7C9E024BC5C446C0AEC7 /* Pods-dreamDiary.debug.xcconfig */;
			buildSettings = {
				ASSETCATALOG_COMPILER_APPICON_NAME = AppIcon;
				ASSETCATALOG_COMPILER_GLOBAL_ACCENT_COLOR_NAME = AccentColor;
				CODE_SIGN_STYLE = Automatic;
				DEVELOPMENT_TEAM = J39U7B46S4;
				INFOPLIST_FILE = dreamDiary/Info.plist;
				LD_RUNPATH_SEARCH_PATHS = (
					"$(inherited)",
					"@executable_path/Frameworks",
				);
				PRODUCT_BUNDLE_IDENTIFIER = app.hotaru.inari.dreamDiary;
				PRODUCT_NAME = "$(TARGET_NAME)";
				SWIFT_VERSION = 5.0;
				TARGETED_DEVICE_FAMILY = "1,2";
			};
			name = Debug;
		};
		3CCCB08425283F1C00EA0CE5 /* Release */ = {
			isa = XCBuildConfiguration;
			baseConfigurationReference = F306D56CB03695E82D6A4B6B /* Pods-dreamDiary.release.xcconfig */;
			buildSettings = {
				ASSETCATALOG_COMPILER_APPICON_NAME = AppIcon;
				ASSETCATALOG_COMPILER_GLOBAL_ACCENT_COLOR_NAME = AccentColor;
				CODE_SIGN_STYLE = Automatic;
				DEVELOPMENT_TEAM = J39U7B46S4;
				INFOPLIST_FILE = dreamDiary/Info.plist;
				LD_RUNPATH_SEARCH_PATHS = (
					"$(inherited)",
					"@executable_path/Frameworks",
				);
				PRODUCT_BUNDLE_IDENTIFIER = app.hotaru.inari.dreamDiary;
				PRODUCT_NAME = "$(TARGET_NAME)";
				SWIFT_VERSION = 5.0;
				TARGETED_DEVICE_FAMILY = "1,2";
			};
			name = Release;
		};
		3CCCB08625283F1C00EA0CE5 /* Debug */ = {
			isa = XCBuildConfiguration;
			baseConfigurationReference = 8A08846785FD014B7E07A452 /* Pods-dreamDiaryTests.debug.xcconfig */;
			buildSettings = {
				ALWAYS_EMBED_SWIFT_STANDARD_LIBRARIES = YES;
				BUNDLE_LOADER = "$(TEST_HOST)";
				CODE_SIGN_STYLE = Automatic;
				DEVELOPMENT_TEAM = J39U7B46S4;
				INFOPLIST_FILE = dreamDiaryTests/Info.plist;
				IPHONEOS_DEPLOYMENT_TARGET = 14.0;
				LD_RUNPATH_SEARCH_PATHS = (
					"$(inherited)",
					"@executable_path/Frameworks",
					"@loader_path/Frameworks",
				);
				PRODUCT_BUNDLE_IDENTIFIER = app.hotaru.inari.dreamDiaryTests;
				PRODUCT_NAME = "$(TARGET_NAME)";
				SWIFT_VERSION = 5.0;
				TARGETED_DEVICE_FAMILY = "1,2";
				TEST_HOST = "$(BUILT_PRODUCTS_DIR)/dreamDiary.app/dreamDiary";
			};
			name = Debug;
		};
		3CCCB08725283F1C00EA0CE5 /* Release */ = {
			isa = XCBuildConfiguration;
			baseConfigurationReference = 27E77FE8988B55DA5561AEAD /* Pods-dreamDiaryTests.release.xcconfig */;
			buildSettings = {
				ALWAYS_EMBED_SWIFT_STANDARD_LIBRARIES = YES;
				BUNDLE_LOADER = "$(TEST_HOST)";
				CODE_SIGN_STYLE = Automatic;
				DEVELOPMENT_TEAM = J39U7B46S4;
				INFOPLIST_FILE = dreamDiaryTests/Info.plist;
				IPHONEOS_DEPLOYMENT_TARGET = 14.0;
				LD_RUNPATH_SEARCH_PATHS = (
					"$(inherited)",
					"@executable_path/Frameworks",
					"@loader_path/Frameworks",
				);
				PRODUCT_BUNDLE_IDENTIFIER = app.hotaru.inari.dreamDiaryTests;
				PRODUCT_NAME = "$(TARGET_NAME)";
				SWIFT_VERSION = 5.0;
				TARGETED_DEVICE_FAMILY = "1,2";
				TEST_HOST = "$(BUILT_PRODUCTS_DIR)/dreamDiary.app/dreamDiary";
			};
			name = Release;
		};
		3CCCB08925283F1C00EA0CE5 /* Debug */ = {
			isa = XCBuildConfiguration;
			baseConfigurationReference = A3430A360CC79EF698880AE8 /* Pods-dreamDiary-dreamDiaryUITests.debug.xcconfig */;
			buildSettings = {
				ALWAYS_EMBED_SWIFT_STANDARD_LIBRARIES = YES;
				CODE_SIGN_STYLE = Automatic;
				DEVELOPMENT_TEAM = J39U7B46S4;
				INFOPLIST_FILE = dreamDiaryUITests/Info.plist;
				LD_RUNPATH_SEARCH_PATHS = (
					"$(inherited)",
					"@executable_path/Frameworks",
					"@loader_path/Frameworks",
				);
				PRODUCT_BUNDLE_IDENTIFIER = app.hotaru.inari.dreamDiaryUITests;
				PRODUCT_NAME = "$(TARGET_NAME)";
				SWIFT_VERSION = 5.0;
				TARGETED_DEVICE_FAMILY = "1,2";
				TEST_TARGET_NAME = dreamDiary;
			};
			name = Debug;
		};
		3CCCB08A25283F1C00EA0CE5 /* Release */ = {
			isa = XCBuildConfiguration;
			baseConfigurationReference = C451FE0D2E7CB4F0615F15DB /* Pods-dreamDiary-dreamDiaryUITests.release.xcconfig */;
			buildSettings = {
				ALWAYS_EMBED_SWIFT_STANDARD_LIBRARIES = YES;
				CODE_SIGN_STYLE = Automatic;
				DEVELOPMENT_TEAM = J39U7B46S4;
				INFOPLIST_FILE = dreamDiaryUITests/Info.plist;
				LD_RUNPATH_SEARCH_PATHS = (
					"$(inherited)",
					"@executable_path/Frameworks",
					"@loader_path/Frameworks",
				);
				PRODUCT_BUNDLE_IDENTIFIER = app.hotaru.inari.dreamDiaryUITests;
				PRODUCT_NAME = "$(TARGET_NAME)";
				SWIFT_VERSION = 5.0;
				TARGETED_DEVICE_FAMILY = "1,2";
				TEST_TARGET_NAME = dreamDiary;
			};
			name = Release;
		};
/* End XCBuildConfiguration section */

/* Begin XCConfigurationList section */
		3CCCB05325283F1A00EA0CE5 /* Build configuration list for PBXProject "dreamDiary" */ = {
			isa = XCConfigurationList;
			buildConfigurations = (
				3CCCB08025283F1C00EA0CE5 /* Debug */,
				3CCCB08125283F1C00EA0CE5 /* Release */,
			);
			defaultConfigurationIsVisible = 0;
			defaultConfigurationName = Release;
		};
		3CCCB08225283F1C00EA0CE5 /* Build configuration list for PBXNativeTarget "dreamDiary" */ = {
			isa = XCConfigurationList;
			buildConfigurations = (
				3CCCB08325283F1C00EA0CE5 /* Debug */,
				3CCCB08425283F1C00EA0CE5 /* Release */,
			);
			defaultConfigurationIsVisible = 0;
			defaultConfigurationName = Release;
		};
		3CCCB08525283F1C00EA0CE5 /* Build configuration list for PBXNativeTarget "dreamDiaryTests" */ = {
			isa = XCConfigurationList;
			buildConfigurations = (
				3CCCB08625283F1C00EA0CE5 /* Debug */,
				3CCCB08725283F1C00EA0CE5 /* Release */,
			);
			defaultConfigurationIsVisible = 0;
			defaultConfigurationName = Release;
		};
		3CCCB08825283F1C00EA0CE5 /* Build configuration list for PBXNativeTarget "dreamDiaryUITests" */ = {
			isa = XCConfigurationList;
			buildConfigurations = (
				3CCCB08925283F1C00EA0CE5 /* Debug */,
				3CCCB08A25283F1C00EA0CE5 /* Release */,
			);
			defaultConfigurationIsVisible = 0;
			defaultConfigurationName = Release;
		};
/* End XCConfigurationList section */
	};
	rootObject = 3CCCB05025283F1A00EA0CE5 /* Project object */;
}
